
Microsoft Visual Studio Solution File, Format Version 12.00
# Visual Studio 2013
VisualStudioVersion = 12.0.40629.0
MinimumVisualStudioVersion = 10.0.40219.1
Project("{FAE04EC0-301F-11D3-BF4B-00C04F79EFBC}") = "Count Work Days", "Count Work Days\Count Work Days.csproj", "{DD5198AF-FA6B-4A15-AB3A-4C85830D30A3}"
EndProject
Project("{FAE04EC0-301F-11D3-BF4B-00C04F79EFBC}") = "Circles Intersection", "Circles Intersection\Circles Intersection.csproj", "{B406FB57-E23A-4D1B-8965-DAE210C468F3}"
EndProject
Project("{FAE04EC0-301F-11D3-BF4B-00C04F79EFBC}") = "Average Grades", "Average Grades\Average Grades.csproj", "{A8A49FE9-616F-4964-AD43-DABCE502E013}"
EndProject
Project("{FAE04EC0-301F-11D3-BF4B-00C04F79EFBC}") = "Book Library", "Book Library\Book Library.csproj", "{B80A2613-E575-46DE-ABCC-F1BCA2A230D7}"
EndProject
Project("{FAE04EC0-301F-11D3-BF4B-00C04F79EFBC}") = "Book Library Modification", "Book Library Modification\Book Library Modification.csproj", "{586E9501-1632-43A3-B44C-C78E00992BB0}"
EndProject
Project("{FAE04EC0-301F-11D3-BF4B-00C04F79EFBC}") = "AndreyAndBilliard", "AndreyAndBilliard-1\AndreyAndBilliard.csproj", "{5B58FDE8-04DB-4E8D-A886-6F885706D0F0}"
EndProject
Project("{FAE04EC0-301F-11D3-BF4B-00C04F79EFBC}") = "MentorGroup", "MentorGroup\MentorGroup.csproj", "{D1C27BAE-2C1A-4D12-8B3B-AB2726CD69AC}"
EndProject
Project("{FAE04EC0-301F-11D3-BF4B-00C04F79EFBC}") = "Teamwork projects", "Teamwork projects\Teamwork projects.csproj", "{9BE43CA8-6C72-4197-98BA-F9B6A99857F1}"
EndProject
Project("{FAE04EC0-301F-11D3-BF4B-00C04F79EFBC}") = "Advertisement Message", "Advertisement Message\Advertisement Message.csproj", "{F981EB8B-8B25-4AE4-BDEB-EFD30F98FA3D}"
EndProject
Global
	GlobalSection(SolutionConfigurationPlatforms) = preSolution
		Debug|Any CPU = Debug|Any CPU
		Release|Any CPU = Release|Any CPU
	EndGlobalSection
	GlobalSection(ProjectConfigurationPlatforms) = postSolution
		{DD5198AF-FA6B-4A15-AB3A-4C85830D30A3}.Debug|Any CPU.ActiveCfg = Debug|Any CPU
		{DD5198AF-FA6B-4A15-AB3A-4C85830D30A3}.Debug|Any CPU.Build.0 = Debug|Any CPU
		{DD5198AF-FA6B-4A15-AB3A-4C85830D30A3}.Release|Any CPU.ActiveCfg = Release|Any CPU
		{DD5198AF-FA6B-4A15-AB3A-4C85830D30A3}.Release|Any CPU.Build.0 = Release|Any CPU
		{B406FB57-E23A-4D1B-8965-DAE210C468F3}.Debug|Any CPU.ActiveCfg = Debug|Any CPU
		{B406FB57-E23A-4D1B-8965-DAE210C468F3}.Debug|Any CPU.Build.0 = Debug|Any CPU
		{B406FB57-E23A-4D1B-8965-DAE210C468F3}.Release|Any CPU.ActiveCfg = Release|Any CPU
		{B406FB57-E23A-4D1B-8965-DAE210C468F3}.Release|Any CPU.Build.0 = Release|Any CPU
		{A8A49FE9-616F-4964-AD43-DABCE502E013}.Debug|Any CPU.ActiveCfg = Debug|Any CPU
		{A8A49FE9-616F-4964-AD43-DABCE502E013}.Debug|Any CPU.Build.0 = Debug|Any CPU
		{A8A49FE9-616F-4964-AD43-DABCE502E013}.Release|Any CPU.ActiveCfg = Release|Any CPU
		{A8A49FE9-616F-4964-AD43-DABCE502E013}.Release|Any CPU.Build.0 = Release|Any CPU
		{B80A2613-E575-46DE-ABCC-F1BCA2A230D7}.Debug|Any CPU.ActiveCfg = Debug|Any CPU
		{B80A2613-E575-46DE-ABCC-F1BCA2A230D7}.Debug|Any CPU.Build.0 = Debug|Any CPU
		{B80A2613-E575-46DE-ABCC-F1BCA2A230D7}.Release|Any CPU.ActiveCfg = Release|Any CPU
		{B80A2613-E575-46DE-ABCC-F1BCA2A230D7}.Release|Any CPU.Build.0 = Release|Any CPU
		{586E9501-1632-43A3-B44C-C78E00992BB0}.Debug|Any CPU.ActiveCfg = Debug|Any CPU
		{586E9501-1632-43A3-B44C-C78E00992BB0}.Debug|Any CPU.Build.0 = Debug|Any CPU
		{586E9501-1632-43A3-B44C-C78E00992BB0}.Release|Any CPU.ActiveCfg = Release|Any CPU
		{586E9501-1632-43A3-B44C-C78E00992BB0}.Release|Any CPU.Build.0 = Release|Any CPU
		{5B58FDE8-04DB-4E8D-A886-6F885706D0F0}.Debug|Any CPU.ActiveCfg = Debug|Any CPU
		{5B58FDE8-04DB-4E8D-A886-6F885706D0F0}.Debug|Any CPU.Build.0 = Debug|Any CPU
		{5B58FDE8-04DB-4E8D-A886-6F885706D0F0}.Release|Any CPU.ActiveCfg = Release|Any CPU
		{5B58FDE8-04DB-4E8D-A886-6F885706D0F0}.Release|Any CPU.Build.0 = Release|Any CPU
		{D1C27BAE-2C1A-4D12-8B3B-AB2726CD69AC}.Debug|Any CPU.ActiveCfg = Debug|Any CPU
		{D1C27BAE-2C1A-4D12-8B3B-AB2726CD69AC}.Debug|Any CPU.Build.0 = Debug|Any CPU
		{D1C27BAE-2C1A-4D12-8B3B-AB2726CD69AC}.Release|Any CPU.ActiveCfg = Release|Any CPU
		{D1C27BAE-2C1A-4D12-8B3B-AB2726CD69AC}.Release|Any CPU.Build.0 = Release|Any CPU
		{9BE43CA8-6C72-4197-98BA-F9B6A99857F1}.Debug|Any CPU.ActiveCfg = Debug|Any CPU
		{9BE43CA8-6C72-4197-98BA-F9B6A99857F1}.Debug|Any CPU.Build.0 = Debug|Any CPU
		{9BE43CA8-6C72-4197-98BA-F9B6A99857F1}.Release|Any CPU.ActiveCfg = Release|Any CPU
		{9BE43CA8-6C72-4197-98BA-F9B6A99857F1}.Release|Any CPU.Build.0 = Release|Any CPU
		{F981EB8B-8B25-4AE4-BDEB-EFD30F98FA3D}.Debug|Any CPU.ActiveCfg = Debug|Any CPU
		{F981EB8B-8B25-4AE4-BDEB-EFD30F98FA3D}.Debug|Any CPU.Build.0 = Debug|Any CPU
		{F981EB8B-8B25-4AE4-BDEB-EFD30F98FA3D}.Release|Any CPU.ActiveCfg = Release|Any CPU
		{F981EB8B-8B25-4AE4-BDEB-EFD30F98FA3D}.Release|Any CPU.Build.0 = Release|Any CPU
	EndGlobalSection
	GlobalSection(SolutionProperties) = preSolution
		HideSolutionNode = FALSE
	EndGlobalSection
EndGlobal
