
Microsoft Visual Studio Solution File, Format Version 12.00
# Visual Studio 2013
VisualStudioVersion = 12.0.40629.0
MinimumVisualStudioVersion = 10.0.40219.1
Project("{FAE04EC0-301F-11D3-BF4B-00C04F79EFBC}") = "TESTS", "TESTS\TESTS.csproj", "{6678095B-D5B2-4C6B-A681-D485579F8C50}"
EndProject
Project("{FAE04EC0-301F-11D3-BF4B-00C04F79EFBC}") = "Remove Negatives and Reverse", "Remove Negatives and Reverse\Remove Negatives and Reverse.csproj", "{8B06042F-6050-44C9-A73C-594E88F4D3FE}"
EndProject
Project("{FAE04EC0-301F-11D3-BF4B-00C04F79EFBC}") = "Append Lists", "Append Lists\Append Lists.csproj", "{B9BC0FD9-103B-4C20-B4A1-B78BA8886652}"
EndProject
Project("{FAE04EC0-301F-11D3-BF4B-00C04F79EFBC}") = "Sum Adjacent Equal Numbers", "Sum Adjacent Equal Numbers\Sum Adjacent Equal Numbers.csproj", "{C388742C-DFCC-4E9F-9807-31D9D6741238}"
EndProject
Project("{FAE04EC0-301F-11D3-BF4B-00C04F79EFBC}") = "Split by Word Casing", "Split by Word Casing\Split by Word Casing.csproj", "{8B53F4FC-73C4-4FDF-B4E7-4BB123FDA980}"
EndProject
Project("{FAE04EC0-301F-11D3-BF4B-00C04F79EFBC}") = "Sort Numbers", "Sort Numbers\Sort Numbers.csproj", "{BEDC98DA-29C0-4BE1-9D62-B8DA3E474DB8}"
EndProject
Project("{FAE04EC0-301F-11D3-BF4B-00C04F79EFBC}") = "Sort Numbers-1", "Sort Numbers-1\Sort Numbers-1.csproj", "{78AD521F-5ED2-4BF1-8D37-8AD249D1378A}"
EndProject
Project("{FAE04EC0-301F-11D3-BF4B-00C04F79EFBC}") = "Square Numbers", "Square Numbers\Square Numbers.csproj", "{0FA4ACD0-6448-469B-92C4-BD08C17C3970}"
EndProject
Project("{FAE04EC0-301F-11D3-BF4B-00C04F79EFBC}") = "Count Numbers", "Count Numbers\Count Numbers.csproj", "{58207F18-82A0-4078-A037-59E21C55EF29}"
EndProject
Global
	GlobalSection(SolutionConfigurationPlatforms) = preSolution
		Debug|Any CPU = Debug|Any CPU
		Release|Any CPU = Release|Any CPU
	EndGlobalSection
	GlobalSection(ProjectConfigurationPlatforms) = postSolution
		{6678095B-D5B2-4C6B-A681-D485579F8C50}.Debug|Any CPU.ActiveCfg = Debug|Any CPU
		{6678095B-D5B2-4C6B-A681-D485579F8C50}.Debug|Any CPU.Build.0 = Debug|Any CPU
		{6678095B-D5B2-4C6B-A681-D485579F8C50}.Release|Any CPU.ActiveCfg = Release|Any CPU
		{6678095B-D5B2-4C6B-A681-D485579F8C50}.Release|Any CPU.Build.0 = Release|Any CPU
		{8B06042F-6050-44C9-A73C-594E88F4D3FE}.Debug|Any CPU.ActiveCfg = Debug|Any CPU
		{8B06042F-6050-44C9-A73C-594E88F4D3FE}.Debug|Any CPU.Build.0 = Debug|Any CPU
		{8B06042F-6050-44C9-A73C-594E88F4D3FE}.Release|Any CPU.ActiveCfg = Release|Any CPU
		{8B06042F-6050-44C9-A73C-594E88F4D3FE}.Release|Any CPU.Build.0 = Release|Any CPU
		{B9BC0FD9-103B-4C20-B4A1-B78BA8886652}.Debug|Any CPU.ActiveCfg = Debug|Any CPU
		{B9BC0FD9-103B-4C20-B4A1-B78BA8886652}.Debug|Any CPU.Build.0 = Debug|Any CPU
		{B9BC0FD9-103B-4C20-B4A1-B78BA8886652}.Release|Any CPU.ActiveCfg = Release|Any CPU
		{B9BC0FD9-103B-4C20-B4A1-B78BA8886652}.Release|Any CPU.Build.0 = Release|Any CPU
		{C388742C-DFCC-4E9F-9807-31D9D6741238}.Debug|Any CPU.ActiveCfg = Debug|Any CPU
		{C388742C-DFCC-4E9F-9807-31D9D6741238}.Debug|Any CPU.Build.0 = Debug|Any CPU
		{C388742C-DFCC-4E9F-9807-31D9D6741238}.Release|Any CPU.ActiveCfg = Release|Any CPU
		{C388742C-DFCC-4E9F-9807-31D9D6741238}.Release|Any CPU.Build.0 = Release|Any CPU
		{8B53F4FC-73C4-4FDF-B4E7-4BB123FDA980}.Debug|Any CPU.ActiveCfg = Debug|Any CPU
		{8B53F4FC-73C4-4FDF-B4E7-4BB123FDA980}.Debug|Any CPU.Build.0 = Debug|Any CPU
		{8B53F4FC-73C4-4FDF-B4E7-4BB123FDA980}.Release|Any CPU.ActiveCfg = Release|Any CPU
		{8B53F4FC-73C4-4FDF-B4E7-4BB123FDA980}.Release|Any CPU.Build.0 = Release|Any CPU
		{BEDC98DA-29C0-4BE1-9D62-B8DA3E474DB8}.Debug|Any CPU.ActiveCfg = Debug|Any CPU
		{BEDC98DA-29C0-4BE1-9D62-B8DA3E474DB8}.Debug|Any CPU.Build.0 = Debug|Any CPU
		{BEDC98DA-29C0-4BE1-9D62-B8DA3E474DB8}.Release|Any CPU.ActiveCfg = Release|Any CPU
		{BEDC98DA-29C0-4BE1-9D62-B8DA3E474DB8}.Release|Any CPU.Build.0 = Release|Any CPU
		{78AD521F-5ED2-4BF1-8D37-8AD249D1378A}.Debug|Any CPU.ActiveCfg = Debug|Any CPU
		{78AD521F-5ED2-4BF1-8D37-8AD249D1378A}.Debug|Any CPU.Build.0 = Debug|Any CPU
		{78AD521F-5ED2-4BF1-8D37-8AD249D1378A}.Release|Any CPU.ActiveCfg = Release|Any CPU
		{78AD521F-5ED2-4BF1-8D37-8AD249D1378A}.Release|Any CPU.Build.0 = Release|Any CPU
		{0FA4ACD0-6448-469B-92C4-BD08C17C3970}.Debug|Any CPU.ActiveCfg = Debug|Any CPU
		{0FA4ACD0-6448-469B-92C4-BD08C17C3970}.Debug|Any CPU.Build.0 = Debug|Any CPU
		{0FA4ACD0-6448-469B-92C4-BD08C17C3970}.Release|Any CPU.ActiveCfg = Release|Any CPU
		{0FA4ACD0-6448-469B-92C4-BD08C17C3970}.Release|Any CPU.Build.0 = Release|Any CPU
		{58207F18-82A0-4078-A037-59E21C55EF29}.Debug|Any CPU.ActiveCfg = Debug|Any CPU
		{58207F18-82A0-4078-A037-59E21C55EF29}.Debug|Any CPU.Build.0 = Debug|Any CPU
		{58207F18-82A0-4078-A037-59E21C55EF29}.Release|Any CPU.ActiveCfg = Release|Any CPU
		{58207F18-82A0-4078-A037-59E21C55EF29}.Release|Any CPU.Build.0 = Release|Any CPU
	EndGlobalSection
	GlobalSection(SolutionProperties) = preSolution
		HideSolutionNode = FALSE
	EndGlobalSection
EndGlobal
