
Microsoft Visual Studio Solution File, Format Version 12.00
# Visual Studio 2013
VisualStudioVersion = 12.0.40629.0
MinimumVisualStudioVersion = 10.0.40219.1
Project("{FAE04EC0-301F-11D3-BF4B-00C04F79EFBC}") = "Extract Emails", "Extract Emails\Extract Emails.csproj", "{C9D06183-4022-4A55-94C2-DC8B81CC59C8}"
EndProject
Project("{FAE04EC0-301F-11D3-BF4B-00C04F79EFBC}") = "Extract sentences by keyword", "Extract sentences by keyword\Extract sentences by keyword.csproj", "{2F94CEE8-AD97-4269-80FC-EEACE211F9A4}"
EndProject
Global
	GlobalSection(SolutionConfigurationPlatforms) = preSolution
		Debug|Any CPU = Debug|Any CPU
		Release|Any CPU = Release|Any CPU
	EndGlobalSection
	GlobalSection(ProjectConfigurationPlatforms) = postSolution
		{C9D06183-4022-4A55-94C2-DC8B81CC59C8}.Debug|Any CPU.ActiveCfg = Debug|Any CPU
		{C9D06183-4022-4A55-94C2-DC8B81CC59C8}.Debug|Any CPU.Build.0 = Debug|Any CPU
		{C9D06183-4022-4A55-94C2-DC8B81CC59C8}.Release|Any CPU.ActiveCfg = Release|Any CPU
		{C9D06183-4022-4A55-94C2-DC8B81CC59C8}.Release|Any CPU.Build.0 = Release|Any CPU
		{2F94CEE8-AD97-4269-80FC-EEACE211F9A4}.Debug|Any CPU.ActiveCfg = Debug|Any CPU
		{2F94CEE8-AD97-4269-80FC-EEACE211F9A4}.Debug|Any CPU.Build.0 = Debug|Any CPU
		{2F94CEE8-AD97-4269-80FC-EEACE211F9A4}.Release|Any CPU.ActiveCfg = Release|Any CPU
		{2F94CEE8-AD97-4269-80FC-EEACE211F9A4}.Release|Any CPU.Build.0 = Release|Any CPU
	EndGlobalSection
	GlobalSection(SolutionProperties) = preSolution
		HideSolutionNode = FALSE
	EndGlobalSection
EndGlobal
